
Microsoft Visual Studio Solution File, Format Version 12.00
Project("{FAE04EC0-301F-11D3-BF4B-00C04F79EFBC}") = "ToDoList.Api", "ToDoList.Api\ToDoList.Api.csproj", "{4FFE87E9-37CE-4CFF-B754-43D5C562D596}"
EndProject
Project("{FAE04EC0-301F-11D3-BF4B-00C04F79EFBC}") = "ToDoList.Shared", "ToDoList.Shared\ToDoList.Shared.csproj", "{A0955AD4-4C9A-4813-9758-E7BCCC1DEB9A}"
EndProject
Project("{FAE04EC0-301F-11D3-BF4B-00C04F79EFBC}") = "ToDoList.Application", "ToDoList.Application\ToDoList.Application.csproj", "{0EC2FF63-70A7-445A-A7A7-35B159AA361F}"
EndProject
Project("{2150E333-8FDC-42A3-9474-1A3956D46DE8}") = "Tests", "Tests", "{39ABEDA7-727A-450B-BF21-19C3A92C13DB}"
EndProject
Project("{FAE04EC0-301F-11D3-BF4B-00C04F79EFBC}") = "ToDoList.Api.Tests", "ToDoList.Api.Tests\ToDoList.Api.Tests.csproj", "{B3FE132A-9D5C-45ED-B1F4-F2B5DF46309A}"
EndProject
Project("{FAE04EC0-301F-11D3-BF4B-00C04F79EFBC}") = "ToDoList.Data", "ToDoList.Data\ToDoList.Data.csproj", "{7D991EF1-7A57-4471-8FD1-31F8E5CA0EF5}"
EndProject
Project("{FAE04EC0-301F-11D3-BF4B-00C04F79EFBC}") = "ToDoList.Application.Tests", "ToDoList.Application.Tests\ToDoList.Application.Tests.csproj", "{BE4B5FE6-401F-4B1F-9846-92E7EF0ADCC2}"
EndProject
Global
	GlobalSection(SolutionConfigurationPlatforms) = preSolution
		Debug|Any CPU = Debug|Any CPU
		Release|Any CPU = Release|Any CPU
	EndGlobalSection
	GlobalSection(ProjectConfigurationPlatforms) = postSolution
		{4FFE87E9-37CE-4CFF-B754-43D5C562D596}.Debug|Any CPU.ActiveCfg = Debug|Any CPU
		{4FFE87E9-37CE-4CFF-B754-43D5C562D596}.Debug|Any CPU.Build.0 = Debug|Any CPU
		{4FFE87E9-37CE-4CFF-B754-43D5C562D596}.Release|Any CPU.ActiveCfg = Release|Any CPU
		{4FFE87E9-37CE-4CFF-B754-43D5C562D596}.Release|Any CPU.Build.0 = Release|Any CPU
		{A0955AD4-4C9A-4813-9758-E7BCCC1DEB9A}.Debug|Any CPU.ActiveCfg = Debug|Any CPU
		{A0955AD4-4C9A-4813-9758-E7BCCC1DEB9A}.Debug|Any CPU.Build.0 = Debug|Any CPU
		{A0955AD4-4C9A-4813-9758-E7BCCC1DEB9A}.Release|Any CPU.ActiveCfg = Release|Any CPU
		{A0955AD4-4C9A-4813-9758-E7BCCC1DEB9A}.Release|Any CPU.Build.0 = Release|Any CPU
		{0EC2FF63-70A7-445A-A7A7-35B159AA361F}.Debug|Any CPU.ActiveCfg = Debug|Any CPU
		{0EC2FF63-70A7-445A-A7A7-35B159AA361F}.Debug|Any CPU.Build.0 = Debug|Any CPU
		{0EC2FF63-70A7-445A-A7A7-35B159AA361F}.Release|Any CPU.ActiveCfg = Release|Any CPU
		{0EC2FF63-70A7-445A-A7A7-35B159AA361F}.Release|Any CPU.Build.0 = Release|Any CPU
		{B3FE132A-9D5C-45ED-B1F4-F2B5DF46309A}.Debug|Any CPU.ActiveCfg = Debug|Any CPU
		{B3FE132A-9D5C-45ED-B1F4-F2B5DF46309A}.Debug|Any CPU.Build.0 = Debug|Any CPU
		{B3FE132A-9D5C-45ED-B1F4-F2B5DF46309A}.Release|Any CPU.ActiveCfg = Release|Any CPU
		{B3FE132A-9D5C-45ED-B1F4-F2B5DF46309A}.Release|Any CPU.Build.0 = Release|Any CPU
		{7D991EF1-7A57-4471-8FD1-31F8E5CA0EF5}.Debug|Any CPU.ActiveCfg = Debug|Any CPU
		{7D991EF1-7A57-4471-8FD1-31F8E5CA0EF5}.Debug|Any CPU.Build.0 = Debug|Any CPU
		{7D991EF1-7A57-4471-8FD1-31F8E5CA0EF5}.Release|Any CPU.ActiveCfg = Release|Any CPU
		{7D991EF1-7A57-4471-8FD1-31F8E5CA0EF5}.Release|Any CPU.Build.0 = Release|Any CPU
		{BE4B5FE6-401F-4B1F-9846-92E7EF0ADCC2}.Debug|Any CPU.ActiveCfg = Debug|Any CPU
		{BE4B5FE6-401F-4B1F-9846-92E7EF0ADCC2}.Debug|Any CPU.Build.0 = Debug|Any CPU
		{BE4B5FE6-401F-4B1F-9846-92E7EF0ADCC2}.Release|Any CPU.ActiveCfg = Release|Any CPU
		{BE4B5FE6-401F-4B1F-9846-92E7EF0ADCC2}.Release|Any CPU.Build.0 = Release|Any CPU
	EndGlobalSection
	GlobalSection(NestedProjects) = preSolution
		{B3FE132A-9D5C-45ED-B1F4-F2B5DF46309A} = {39ABEDA7-727A-450B-BF21-19C3A92C13DB}
		{BE4B5FE6-401F-4B1F-9846-92E7EF0ADCC2} = {39ABEDA7-727A-450B-BF21-19C3A92C13DB}
	EndGlobalSection
EndGlobal
